Microsoft Visual Studio Solution File, Format Version 12.00
# Visual Studio 2013
VisualStudioVersion = 12.0.40629.0
MinimumVisualStudioVersion = 10.0.40219.1
Project("{FAE04EC0-301F-11D3-BF4B-00C04F79EFBC}") = "AzureAdminClientLib", "Libraries\AzureAdminClient\AzureAdminClientLib\AzureAdminClientLib.csproj", "{8BB5F247-8B1A-4713-8BA0-464A507FBB97}"
EndProject
Project("{FAE04EC0-301F-11D3-BF4B-00C04F79EFBC}") = "PowershellLib", "Libraries\PowershellLib\PowershellLib\PowershellLib.csproj", "{8AAF2051-B43F-4BEC-A1FD-1B03035910DF}"
EndProject
Project("{CC5FD16D-436D-48AD-A40C-5A424C6E3E79}") = "CmpAzureService", "CMP\CmpAzureService\CmpAzureService.ccproj", "{59D19C9D-43B1-45C9-97BC-96BA7BFD0484}"
EndProject
Project("{FAE04EC0-301F-11D3-BF4B-00C04F79EFBC}") = "CmpInterfaceModel", "CMP\CmpInterfaceModel\CmpInterfaceModel.csproj", "{B3EB01EE-64C2-495A-9FD9-610974C4FE3E}"
EndProject
Project("{FAE04EC0-301F-11D3-BF4B-00C04F79EFBC}") = "CmpCommon", "CMP\CmpCommon\CmpCommon.csproj", "{B1BED686-72F1-4A29-B81B-8B7EF9BB5739}"
EndProject
Project("{FAE04EC0-301F-11D3-BF4B-00C04F79EFBC}") = "CmpServiceLib", "CMP\CmpServiceLib\CmpServiceLib.csproj", "{FE5EF66F-8ABA-4CBF-9998-0BBC98B76E53}"
EndProject
Project("{FAE04EC0-301F-11D3-BF4B-00C04F79EFBC}") = "CmpAzureServiceWebRole", "CMP\CmpAzureServiceWebRole\CmpAzureServiceWebRole.csproj", "{C6BAA5A2-F199-4F08-A0AA-99F146F0B693}"
EndProject
Project("{FAE04EC0-301F-11D3-BF4B-00C04F79EFBC}") = "ActiveDirLib", "Libraries\ActiveDirLib\ActiveDirLib.csproj", "{5EFD4E1A-62BC-412C-952D-EBDE2CBAD3A1}"
EndProject
Project("{FAE04EC0-301F-11D3-BF4B-00C04F79EFBC}") = "KryptoLib", "Libraries\Krypto\KryptoLib\KryptoLib.csproj", "{91237AA9-6C92-4B47-8D80-117CCBF92445}"
EndProject
Project("{F088123C-0E9E-452A-89E6-6BA2F21D5CAC}") = "ZephyrModel", "ZephyrModel\ZephyrModel.modelproj", "{1CF25E76-D9CE-4E3A-B7B2-377AB9F85BC3}"
EndProject
Project("{FAE04EC0-301F-11D3-BF4B-00C04F79EFBC}") = "CmpAzureWorkerWorkerRole", "CMP\CmpAzureWorkerWorkerRole\CmpAzureWorkerWorkerRole.csproj", "{7686A6B5-A0A4-47F2-BA6F-5C2FF81773EC}"
EndProject
Project("{FAE04EC0-301F-11D3-BF4B-00C04F79EFBC}") = "CmpWorkerService", "CMP\CmpWorkerService\CmpWorkerService.csproj", "{438D4B8C-1DF3-4C20-857F-A92C86D8B464}"
EndProject
Project("{FAE04EC0-301F-11D3-BF4B-00C04F79EFBC}") = "CmpWorkerServiceTestUI", "CMP\CmpWorkerServiceTestUI\CmpWorkerServiceTestUI.csproj", "{0B81888E-D5FB-47DD-BDFA-CFF3C35DC4C2}"
EndProject
Project("{FAE04EC0-301F-11D3-BF4B-00C04F79EFBC}") = "AzureAppInstrumentationLib", "Libraries\AzureAppInstrumentation\AzureAppInstrumentationLib\AzureAppInstrumentationLib.csproj", "{FBDDB922-CAFF-49F3-A464-A603B587FECE}"
EndProject
Project("{930C7802-8A8C-48F9-8165-68863BCCD9DD}") = "CmpWorkerServiceInstaller", "CMP\CmpWorkerServiceInstallerWix\CmpWorkerServiceInstaller.wixproj", "{5A127E0C-15B7-4E1B-AAC2-EC569633D95B}"
EndProject
Project("{00D1A9C2-B5F0-4AF3-8072-F6C62B433612}") = "Cmp_Db", "CMP\Cmp_Db\Cmp_Db.sqlproj", "{A03AA38A-8FE2-4856-9D95-1C3B46DF1C6C}"
EndProject
Project("{2150E333-8FDC-42A3-9474-1A3956D46DE8}") = "Solution Items", "Solution Items", "{623EC4D6-7877-4846-9008-F9F7633E0445}"
	ProjectSection(SolutionItems) = preProject
		CMP\WebEssentials-Settings.json = CMP\WebEssentials-Settings.json
	EndProjectSection
EndProject
Project("{FAE04EC0-301F-11D3-BF4B-00C04F79EFBC}") = "SMAApi", "Libraries\SmaClientLib\SMAApi\SMAApi.csproj", "{E8D927EE-7090-46DF-BBA9-B8EBEF0401E2}"
EndProject
Project("{2150E333-8FDC-42A3-9474-1A3956D46DE8}") = "CMP", "CMP", "{12A7AC59-5305-402D-A767-E45FF800578A}"
EndProject
Project("{2150E333-8FDC-42A3-9474-1A3956D46DE8}") = "Libraries", "Libraries", "{BCD1D384-8B02-434C-AFC6-389D55F24B90}"
EndProject
Project("{2150E333-8FDC-42A3-9474-1A3956D46DE8}") = "ZephyrModel", "ZephyrModel", "{D264E79C-456C-4DB6-B595-EB9E41A5B391}"
EndProject
Project("{2150E333-8FDC-42A3-9474-1A3956D46DE8}") = "CmpAzureService", "CmpAzureService", "{C46C116E-CBC7-4E98-8080-0694FF9D3297}"
EndProject
Project("{2150E333-8FDC-42A3-9474-1A3956D46DE8}") = "CmpAzureServiceWebRole", "CmpAzureServiceWebRole", "{F5554F5A-06F3-4E57-95A7-AE9722534BCB}"
EndProject
Project("{2150E333-8FDC-42A3-9474-1A3956D46DE8}") = "CmpAzureServiceWorkerWorkerRole", "CmpAzureServiceWorkerWorkerRole", "{B0CE5816-A049-4218-BA44-D9E0AFCB4506}"
EndProject
Project("{2150E333-8FDC-42A3-9474-1A3956D46DE8}") = "CmpCommon", "CmpCommon", "{17A8E167-D398-493B-AD0F-E20C59BE2C83}"
EndProject
Project("{2150E333-8FDC-42A3-9474-1A3956D46DE8}") = "CmpInterfaceModel", "CmpInterfaceModel", "{D1B72274-20E2-4297-8E45-C426EF405834}"
EndProject
Project("{2150E333-8FDC-42A3-9474-1A3956D46DE8}") = "CmpWap", "CmpWap", "{2B08BD1A-5C6E-4161-8DDF-B13D2CD9DB6B}"
EndProject
Project("{2150E333-8FDC-42A3-9474-1A3956D46DE8}") = "CmpWorkerService", "CmpWorkerService", "{4CD94479-68E0-494C-8F90-4975395ED659}"
EndProject
Project("{2150E333-8FDC-42A3-9474-1A3956D46DE8}") = "CmpWorkerServiceInstallerWix", "CmpWorkerServiceInstallerWix", "{A08EF9F1-4E59-48B3-AEAF-B4BF6A060BC2}"
EndProject
Project("{2150E333-8FDC-42A3-9474-1A3956D46DE8}") = "CmpWorkerServiceTestUI", "CmpWorkerServiceTestUI", "{014499B6-4971-4186-8CA0-A40E69330779}"
EndProject
Project("{2150E333-8FDC-42A3-9474-1A3956D46DE8}") = "Cmp_Db", "Cmp_Db", "{12EE1C7C-47C2-44CC-A0E8-132FF47C629A}"
EndProject
Project("{2150E333-8FDC-42A3-9474-1A3956D46DE8}") = "CmpWapExtension", "CmpWapExtension", "{C0F0E4A8-01BC-46C6-A4A6-68464458814C}"
EndProject
Project("{2150E333-8FDC-42A3-9474-1A3956D46DE8}") = "AdminExtension", "AdminExtension", "{236A4EBC-C36C-4DE1-8959-FD000EC4BADC}"
EndProject
Project("{2150E333-8FDC-42A3-9474-1A3956D46DE8}") = "Api", "Api", "{111FD51D-1911-43D2-A4BD-CD7630A2A919}"
EndProject
Project("{2150E333-8FDC-42A3-9474-1A3956D46DE8}") = "ApiClient", "ApiClient", "{733C8326-926D-47A6-9553-6FD74D28C8C5}"
EndProject
Project("{2150E333-8FDC-42A3-9474-1A3956D46DE8}") = "CmpWapDb", "CmpWapDb", "{4F0B8ED9-33BB-43EF-9F2D-26D5F12CD2F7}"
EndProject
Project("{2150E333-8FDC-42A3-9474-1A3956D46DE8}") = "CmpWapExtensionCreateEventSource", "CmpWapExtensionCreateEventSource", "{2DB15947-EB4B-4BD1-80A0-DCCA859335AE}"
EndProject
Project("{2150E333-8FDC-42A3-9474-1A3956D46DE8}") = "CmpWapFuncTest", "CmpWapFuncTest", "{57360B2F-51B3-4C44-A938-505ABA0EF35D}"
EndProject
Project("{2150E333-8FDC-42A3-9474-1A3956D46DE8}") = "CmpWapModel", "CmpWapModel", "{FF077604-3167-4A0B-B81C-73A181789305}"
EndProject
Project("{2150E333-8FDC-42A3-9474-1A3956D46DE8}") = "Common", "Common", "{A9E3BBD4-9498-449B-AE95-2781E642BF55}"
EndProject
Project("{2150E333-8FDC-42A3-9474-1A3956D46DE8}") = "Microsoft.Wap.CmpWapExtension.Admin.Setup", "Microsoft.Wap.CmpWapExtension.Admin.Setup", "{94598CC8-E9A4-44AB-B0A7-45BF3EFC7C3D}"
EndProject
Project("{2150E333-8FDC-42A3-9474-1A3956D46DE8}") = "Microsoft.Wap.CmpWapExtension.Tenant.Setup", "Microsoft.Wap.CmpWapExtension.Tenant.Setup", "{98C626B6-C040-4DC7-AD5B-66418F363E00}"
EndProject
Project("{2150E333-8FDC-42A3-9474-1A3956D46DE8}") = "Microsoft.WindowsAzurePack.CmpWapExtension.Api.Tests", "Microsoft.WindowsAzurePack.CmpWapExtension.Api.Tests", "{8663AE43-F372-46ED-BBA3-1F25DC88E73B}"
EndProject
Project("{2150E333-8FDC-42A3-9474-1A3956D46DE8}") = "Microsoft.WindowsAzurePack.CmpWapExtension.CmpClient", "Microsoft.WindowsAzurePack.CmpWapExtension.CmpClient", "{9421E57B-784B-433F-8145-D8ADB5D14092}"
EndProject
Project("{2150E333-8FDC-42A3-9474-1A3956D46DE8}") = "Microsoft.WindowsAzurePack.CmpWapExtension.UnitTestsUi", "Microsoft.WindowsAzurePack.CmpWapExtension.UnitTestsUi", "{A8BCBDF1-85D7-45D0-95E0-34A386617319}"
EndProject
Project("{2150E333-8FDC-42A3-9474-1A3956D46DE8}") = "Setup", "Setup", "{9B9E6C68-BCED-4EF4-B20F-5EA3FBC1C03C}"
EndProject
Project("{2150E333-8FDC-42A3-9474-1A3956D46DE8}") = "TenantExtension", "TenantExtension", "{2255D12C-B3F3-49AE-A74C-2C8A247D52A7}"
EndProject
Project("{FAE04EC0-301F-11D3-BF4B-00C04F79EFBC}") = "Microsoft.WindowsAzurePack.CmpWapExtension.AdminExtension", "CMP\CmpWap\CmpWapExtension\AdminExtension\Microsoft.WindowsAzurePack.CmpWapExtension.AdminExtension.csproj", "{ADB067C9-C4FE-483C-BA6C-6C06FAD70116}"
EndProject
Project("{FAE04EC0-301F-11D3-BF4B-00C04F79EFBC}") = "Microsoft.WindowsAzurePack.CmpWapExtension.Api", "CMP\CmpWap\CmpWapExtension\Api\Microsoft.WindowsAzurePack.CmpWapExtension.Api.csproj", "{F66D9400-FB56-48D4-8DA3-C9AE59AD9E0D}"
EndProject
Project("{FAE04EC0-301F-11D3-BF4B-00C04F79EFBC}") = "Microsoft.WindowsAzurePack.CmpWapExtension.ApiClient", "CMP\CmpWap\CmpWapExtension\ApiClient\Microsoft.WindowsAzurePack.CmpWapExtension.ApiClient.csproj", "{CC16EEDA-663B-4E41-8047-0AAED4A03680}"
EndProject
Project("{00D1A9C2-B5F0-4AF3-8072-F6C62B433612}") = "CMPWAPDB", "CMP\CmpWap\CmpWapExtension\CmpWapDb\CMPWAPDB.sqlproj", "{99F4571C-D18B-4A73-B5B8-9AABC16FAAD1}"
EndProject
Project("{FAE04EC0-301F-11D3-BF4B-00C04F79EFBC}") = "CmpWapExtensionCreateEventSource", "CMP\CmpWap\CmpWapExtension\CmpWapExtensionCreateEventSource\CmpWapExtensionCreateEventSource.csproj", "{2C8D04D1-547C-439B-86A1-55ADE43E9BF3}"
EndProject
Project("{FAE04EC0-301F-11D3-BF4B-00C04F79EFBC}") = "CMPWapFuncTest", "CMP\CmpWap\CmpWapExtension\CMPWapFuncTest\CMPWapFuncTest.csproj", "{FA2862C6-83E2-4B42-B18F-CB151B1700AB}"
EndProject
Project("{F088123C-0E9E-452A-89E6-6BA2F21D5CAC}") = "CmpWapModel", "CMP\CmpWap\CmpWapExtension\CmpWapModel\CmpWapModel.modelproj", "{D81BE312-A8B1-43E4-8053-0277FAA0A924}"
EndProject
Project("{FAE04EC0-301F-11D3-BF4B-00C04F79EFBC}") = "ScriptJobsController", "CMP\CmpWap\CmpWapExtension\Common\ScriptJobsController.csproj", "{8EE756C0-A570-4749-A25D-97D5320CA0A8}"
EndProject
Project("{930C7802-8A8C-48F9-8165-68863BCCD9DD}") = "Microsoft.WAP.CmpWapExtension.Admin.Setup", "CMP\CmpWap\CmpWapExtension\Microsoft.WAP.CmpWapExtension.Admin.Setup\Microsoft.WAP.CmpWapExtension.Admin.Setup.wixproj", "{C7B43080-C6BE-43D3-A41A-952A00546AF9}"
EndProject
Project("{930C7802-8A8C-48F9-8165-68863BCCD9DD}") = "Microsoft.WAP.CmpWapExtension.Tenant.Setup", "CMP\CmpWap\CmpWapExtension\Microsoft.WAP.CmpWapExtension.Tenant.Setup\Microsoft.WAP.CmpWapExtension.Tenant.Setup.wixproj", "{29B70EAE-075B-4B14-91BE-4640F0622CFE}"
EndProject
Project("{FAE04EC0-301F-11D3-BF4B-00C04F79EFBC}") = "Microsoft.WindowsAzurePack.CmpWapExtension.Api.Tests", "CMP\CmpWap\CmpWapExtension\Microsoft.WindowsAzurePack.CmpWapExtension.Api.Tests\Microsoft.WindowsAzurePack.CmpWapExtension.Api.Tests.csproj", "{ADEC4002-C57E-47B1-B804-EF989FED7F74}"
EndProject
Project("{FAE04EC0-301F-11D3-BF4B-00C04F79EFBC}") = "Microsoft.WindowsAzurePack.CmpWapExtension.CmpClient", "CMP\CmpWap\CmpWapExtension\Microsoft.WindowsAzurePack.CmpWapExtension.CmpClient\Microsoft.WindowsAzurePack.CmpWapExtension.CmpClient.csproj", "{4EAD6A36-0951-464D-89D5-1072994D7E86}"
EndProject
Project("{FAE04EC0-301F-11D3-BF4B-00C04F79EFBC}") = "Microsoft.WindowsAzurePack.CmpWapExtension.UnitTestUi", "CMP\CmpWap\CmpWapExtension\Microsoft.WindowsAzurePack.CmpWapExtension.UnitTestUi\Microsoft.WindowsAzurePack.CmpWapExtension.UnitTestUi.csproj", "{B6691444-38CD-4FDA-ADBC-0DBB3FF5739C}"
EndProject
Project("{930C7802-8A8C-48F9-8165-68863BCCD9DD}") = "Microsoft.WAP.CmpWapExtension.Setup", "CMP\CmpWap\CmpWapExtension\Setup\Microsoft.WAP.CmpWapExtension.Setup.wixproj", "{7011F83A-8D0C-4302-BDC3-D7195C1094A7}"
EndProject
Project("{FAE04EC0-301F-11D3-BF4B-00C04F79EFBC}") = "Microsoft.WindowsAzurePack.CmpWapExtension.TenantExtension", "CMP\CmpWap\CmpWapExtension\TenantExtension\Microsoft.WindowsAzurePack.CmpWapExtension.TenantExtension.csproj", "{FD2B705E-7262-4BB6-871B-B9C7845C6C06}"
EndProject
Project("{2150E333-8FDC-42A3-9474-1A3956D46DE8}") = "ActiveDirLib", "ActiveDirLib", "{8EA74830-F321-4F89-9BF0-8FACA959AC85}"
EndProject
Project("{2150E333-8FDC-42A3-9474-1A3956D46DE8}") = "AzureAdminClient", "AzureAdminClient", "{BF47FB26-A1A9-4DEB-B652-06F49F729738}"
EndProject
Project("{2150E333-8FDC-42A3-9474-1A3956D46DE8}") = "AzureAppInstrumentation", "AzureAppInstrumentation", "{87FAD8EE-CDB6-434C-9BF6-8D582516298F}"
EndProject
Project("{2150E333-8FDC-42A3-9474-1A3956D46DE8}") = "Krypto", "Krypto", "{6224DECB-5E06-4C5C-B844-3156E346E4B8}"
EndProject
Project("{2150E333-8FDC-42A3-9474-1A3956D46DE8}") = "PowershellLib", "PowershellLib", "{28679A11-1807-498A-AA2B-A35740F869B9}"
EndProject
Project("{2150E333-8FDC-42A3-9474-1A3956D46DE8}") = "SMAClientLib", "SMAClientLib", "{7699BEB9-BFE4-4619-B581-98C8F4A0AA4D}"
EndProject
Project("{2150E333-8FDC-42A3-9474-1A3956D46DE8}") = "KryptoLib", "KryptoLib", "{60A0FBD8-E80A-4AA1-95C3-AA4F8DAF7888}"
EndProject
Project("{2150E333-8FDC-42A3-9474-1A3956D46DE8}") = "KryptoLibTest", "KryptoLibTest", "{94EEFA3A-E5C4-4349-86D3-BD4F3FF78B87}"
EndProject
Project("{FAE04EC0-301F-11D3-BF4B-00C04F79EFBC}") = "KryptoLibTest", "Libraries\Krypto\KryptoLibTest\KryptoLibTest.csproj", "{E1A9136A-D9FF-4C6D-9AC5-BDC236150E4C}"
EndProject
Project("{2150E333-8FDC-42A3-9474-1A3956D46DE8}") = "CmpServiceLib", "CmpServiceLib", "{B8995CD3-A09B-4747-A998-CEA36F9CC288}"
EndProject
Project("{2150E333-8FDC-42A3-9474-1A3956D46DE8}") = "ApiClients", "ApiClients", "{377203C4-B444-4290-954C-4C2B638D4A38}"
EndProject
Project("{FAE04EC0-301F-11D3-BF4B-00C04F79EFBC}") = "Microsoft.WindowsAzurePack.Samples", "CMP\CmpWap\ApiClients\Microsoft.WindowsAzurePack.Samples.csproj", "{8D180247-ADD6-4FB4-BB98-9F2B9F3EBD6E}"
EndProject
Project("{2150E333-8FDC-42A3-9474-1A3956D46DE8}") = ".nuget", ".nuget", "{C800D1F8-DA9F-4685-B789-CF3E9DAE3871}"
	ProjectSection(SolutionItems) = preProject
		.nuget\NuGet.Config = .nuget\NuGet.Config
		.nuget\NuGet.exe = .nuget\NuGet.exe
		.nuget\NuGet.targets = .nuget\NuGet.targets
		.nuget\packages.config = .nuget\packages.config
	EndProjectSection
EndProject
Project("{FAE04EC0-301F-11D3-BF4B-00C04F79EFBC}") = "CmpBuildVerificationTests", "CMP\CMPBuildVerificationTests\CmpBuildVerificationTests.csproj", "{588FF33F-504A-412D-BB62-952003F65C63}"
EndProject
Project("{2150E333-8FDC-42A3-9474-1A3956D46DE8}") = "CmpBuildVerificationTests", "CmpBuildVerificationTests", "{D770EE36-A198-4442-93B3-B286B24EF039}"
EndProject
Project("{2150E333-8FDC-42A3-9474-1A3956D46DE8}") = "Setup", "Setup", "{6B7F6A16-4F8A-434C-83F0-56230F40EAF0}"
EndProject
Project("{2150E333-8FDC-42A3-9474-1A3956D46DE8}") = "SetupCMP", "SetupCMP", "{6499AFDF-829C-4FA0-B5DE-711CC04D2D54}"
EndProject
Project("{FAE04EC0-301F-11D3-BF4B-00C04F79EFBC}") = "SetupCMP", "CMP\Setup\SetupCMP\SetupCMP.csproj", "{39B9C4F6-5A5F-493D-8B07-C6F3C4CA5A98}"
EndProject
Project("{2150E333-8FDC-42A3-9474-1A3956D46DE8}") = "Tools", "Tools", "{A03007D7-A69A-44E4-924C-0CE2DCBDAB76}"
EndProject
Project("{FAE04EC0-301F-11D3-BF4B-00C04F79EFBC}") = "ArmAccessTools", "tools\ArmAccessTools\ArmAccessTools.csproj", "{72F979FE-A744-42EA-9D4D-1B865EAB1066}"
EndProject
Project("{FAE04EC0-301F-11D3-BF4B-00C04F79EFBC}") = "JsonPrettyPrinterPlus", "Libraries\JsonPrettyPrint\JsonPrettyPrinterPlus.csproj", "{6DDF6CD7-5C09-4609-A587-D5284587AB8D}"
EndProject
Global
	GlobalSection(SolutionConfigurationPlatforms) = preSolution
		Debug|Any CPU = Debug|Any CPU
		Debug|x64 = Debug|x64
		Debug|x86 = Debug|x86
		Release|Any CPU = Release|Any CPU
		Release|x64 = Release|x64
		Release|x86 = Release|x86
	EndGlobalSection
	GlobalSection(ProjectConfigurationPlatforms) = postSolution
		{8BB5F247-8B1A-4713-8BA0-464A507FBB97}.Debug|Any CPU.ActiveCfg = Release|Any CPU
		{8BB5F247-8B1A-4713-8BA0-464A507FBB97}.Debug|Any CPU.Build.0 = Release|Any CPU
		{8BB5F247-8B1A-4713-8BA0-464A507FBB97}.Debug|x64.ActiveCfg = Release|Any CPU
		{8BB5F247-8B1A-4713-8BA0-464A507FBB97}.Debug|x86.ActiveCfg = Release|Any CPU
		{8BB5F247-8B1A-4713-8BA0-464A507FBB97}.Release|Any CPU.ActiveCfg = Release|Any CPU
		{8BB5F247-8B1A-4713-8BA0-464A507FBB97}.Release|Any CPU.Build.0 = Release|Any CPU
		{8BB5F247-8B1A-4713-8BA0-464A507FBB97}.Release|x64.ActiveCfg = Release|Any CPU
		{8BB5F247-8B1A-4713-8BA0-464A507FBB97}.Release|x86.ActiveCfg = Release|Any CPU
		{8AAF2051-B43F-4BEC-A1FD-1B03035910DF}.Debug|Any CPU.ActiveCfg = Release|Any CPU
		{8AAF2051-B43F-4BEC-A1FD-1B03035910DF}.Debug|Any CPU.Build.0 = Release|Any CPU
		{8AAF2051-B43F-4BEC-A1FD-1B03035910DF}.Debug|x64.ActiveCfg = Release|Any CPU
		{8AAF2051-B43F-4BEC-A1FD-1B03035910DF}.Debug|x86.ActiveCfg = Release|Any CPU
		{8AAF2051-B43F-4BEC-A1FD-1B03035910DF}.Release|Any CPU.ActiveCfg = Release|Any CPU
		{8AAF2051-B43F-4BEC-A1FD-1B03035910DF}.Release|Any CPU.Build.0 = Release|Any CPU
		{8AAF2051-B43F-4BEC-A1FD-1B03035910DF}.Release|x64.ActiveCfg = Release|Any CPU
		{8AAF2051-B43F-4BEC-A1FD-1B03035910DF}.Release|x86.ActiveCfg = Release|Any CPU
		{59D19C9D-43B1-45C9-97BC-96BA7BFD0484}.Debug|Any CPU.ActiveCfg = Debug|Any CPU
		{59D19C9D-43B1-45C9-97BC-96BA7BFD0484}.Debug|Any CPU.Build.0 = Debug|Any CPU
		{59D19C9D-43B1-45C9-97BC-96BA7BFD0484}.Debug|x64.ActiveCfg = Debug|Any CPU
		{59D19C9D-43B1-45C9-97BC-96BA7BFD0484}.Debug|x64.Build.0 = Debug|Any CPU
		{59D19C9D-43B1-45C9-97BC-96BA7BFD0484}.Debug|x86.ActiveCfg = Debug|Any CPU
		{59D19C9D-43B1-45C9-97BC-96BA7BFD0484}.Release|Any CPU.ActiveCfg = Release|Any CPU
		{59D19C9D-43B1-45C9-97BC-96BA7BFD0484}.Release|Any CPU.Build.0 = Release|Any CPU
		{59D19C9D-43B1-45C9-97BC-96BA7BFD0484}.Release|x64.ActiveCfg = Release|Any CPU
		{59D19C9D-43B1-45C9-97BC-96BA7BFD0484}.Release|x86.ActiveCfg = Release|Any CPU
		{B3EB01EE-64C2-495A-9FD9-610974C4FE3E}.Debug|Any CPU.ActiveCfg = Release|Any CPU
		{B3EB01EE-64C2-495A-9FD9-610974C4FE3E}.Debug|Any CPU.Build.0 = Release|Any CPU
		{B3EB01EE-64C2-495A-9FD9-610974C4FE3E}.Debug|x64.ActiveCfg = Release|Any CPU
		{B3EB01EE-64C2-495A-9FD9-610974C4FE3E}.Debug|x86.ActiveCfg = Release|Any CPU
		{B3EB01EE-64C2-495A-9FD9-610974C4FE3E}.Release|Any CPU.ActiveCfg = Release|Any CPU
		{B3EB01EE-64C2-495A-9FD9-610974C4FE3E}.Release|Any CPU.Build.0 = Release|Any CPU
		{B3EB01EE-64C2-495A-9FD9-610974C4FE3E}.Release|x64.ActiveCfg = Release|Any CPU
		{B3EB01EE-64C2-495A-9FD9-610974C4FE3E}.Release|x86.ActiveCfg = Release|Any CPU
		{B1BED686-72F1-4A29-B81B-8B7EF9BB5739}.Debug|Any CPU.ActiveCfg = Debug|Any CPU
		{B1BED686-72F1-4A29-B81B-8B7EF9BB5739}.Debug|Any CPU.Build.0 = Debug|Any CPU
		{B1BED686-72F1-4A29-B81B-8B7EF9BB5739}.Debug|x64.ActiveCfg = Debug|Any CPU
		{B1BED686-72F1-4A29-B81B-8B7EF9BB5739}.Debug|x64.Build.0 = Debug|Any CPU
		{B1BED686-72F1-4A29-B81B-8B7EF9BB5739}.Debug|x86.ActiveCfg = Debug|Any CPU
		{B1BED686-72F1-4A29-B81B-8B7EF9BB5739}.Release|Any CPU.ActiveCfg = Release|Any CPU
		{B1BED686-72F1-4A29-B81B-8B7EF9BB5739}.Release|Any CPU.Build.0 = Release|Any CPU
		{B1BED686-72F1-4A29-B81B-8B7EF9BB5739}.Release|x64.ActiveCfg = Debug|Any CPU
		{B1BED686-72F1-4A29-B81B-8B7EF9BB5739}.Release|x86.ActiveCfg = Debug|Any CPU
		{FE5EF66F-8ABA-4CBF-9998-0BBC98B76E53}.Debug|Any CPU.ActiveCfg = Release|Any CPU
		{FE5EF66F-8ABA-4CBF-9998-0BBC98B76E53}.Debug|Any CPU.Build.0 = Release|Any CPU
		{FE5EF66F-8ABA-4CBF-9998-0BBC98B76E53}.Debug|x64.ActiveCfg = Release|Any CPU
		{FE5EF66F-8ABA-4CBF-9998-0BBC98B76E53}.Debug|x86.ActiveCfg = Release|Any CPU
		{FE5EF66F-8ABA-4CBF-9998-0BBC98B76E53}.Release|Any CPU.ActiveCfg = Release|Any CPU
		{FE5EF66F-8ABA-4CBF-9998-0BBC98B76E53}.Release|Any CPU.Build.0 = Release|Any CPU
		{FE5EF66F-8ABA-4CBF-9998-0BBC98B76E53}.Release|x64.ActiveCfg = Release|Any CPU
		{FE5EF66F-8ABA-4CBF-9998-0BBC98B76E53}.Release|x86.ActiveCfg = Release|Any CPU
		{C6BAA5A2-F199-4F08-A0AA-99F146F0B693}.Debug|Any CPU.ActiveCfg = Debug|Any CPU
		{C6BAA5A2-F199-4F08-A0AA-99F146F0B693}.Debug|Any CPU.Build.0 = Debug|Any CPU
		{C6BAA5A2-F199-4F08-A0AA-99F146F0B693}.Debug|x64.ActiveCfg = Debug|Any CPU
		{C6BAA5A2-F199-4F08-A0AA-99F146F0B693}.Debug|x64.Build.0 = Debug|Any CPU
		{C6BAA5A2-F199-4F08-A0AA-99F146F0B693}.Debug|x86.ActiveCfg = Release|Any CPU
		{C6BAA5A2-F199-4F08-A0AA-99F146F0B693}.Release|Any CPU.ActiveCfg = Release|Any CPU
		{C6BAA5A2-F199-4F08-A0AA-99F146F0B693}.Release|Any CPU.Build.0 = Release|Any CPU
		{C6BAA5A2-F199-4F08-A0AA-99F146F0B693}.Release|x64.ActiveCfg = Release|Any CPU
		{C6BAA5A2-F199-4F08-A0AA-99F146F0B693}.Release|x86.ActiveCfg = Release|Any CPU
		{5EFD4E1A-62BC-412C-952D-EBDE2CBAD3A1}.Debug|Any CPU.ActiveCfg = Debug|Any CPU
		{5EFD4E1A-62BC-412C-952D-EBDE2CBAD3A1}.Debug|Any CPU.Build.0 = Debug|Any CPU
		{5EFD4E1A-62BC-412C-952D-EBDE2CBAD3A1}.Debug|x64.ActiveCfg = Debug|Any CPU
		{5EFD4E1A-62BC-412C-952D-EBDE2CBAD3A1}.Debug|x64.Build.0 = Debug|Any CPU
		{5EFD4E1A-62BC-412C-952D-EBDE2CBAD3A1}.Debug|x86.ActiveCfg = Debug|Any CPU
		{5EFD4E1A-62BC-412C-952D-EBDE2CBAD3A1}.Release|Any CPU.ActiveCfg = Release|Any CPU
		{5EFD4E1A-62BC-412C-952D-EBDE2CBAD3A1}.Release|Any CPU.Build.0 = Release|Any CPU
		{5EFD4E1A-62BC-412C-952D-EBDE2CBAD3A1}.Release|x64.ActiveCfg = Debug|Any CPU
		{5EFD4E1A-62BC-412C-952D-EBDE2CBAD3A1}.Release|x86.ActiveCfg = Debug|Any CPU
		{91237AA9-6C92-4B47-8D80-117CCBF92445}.Debug|Any CPU.ActiveCfg = Release|Any CPU
		{91237AA9-6C92-4B47-8D80-117CCBF92445}.Debug|Any CPU.Build.0 = Release|Any CPU
		{91237AA9-6C92-4B47-8D80-117CCBF92445}.Debug|x64.ActiveCfg = Release|Any CPU
		{91237AA9-6C92-4B47-8D80-117CCBF92445}.Debug|x86.ActiveCfg = Release|Any CPU
		{91237AA9-6C92-4B47-8D80-117CCBF92445}.Release|Any CPU.ActiveCfg = Release|Any CPU
		{91237AA9-6C92-4B47-8D80-117CCBF92445}.Release|Any CPU.Build.0 = Release|Any CPU
		{91237AA9-6C92-4B47-8D80-117CCBF92445}.Release|x64.ActiveCfg = Release|Any CPU
		{91237AA9-6C92-4B47-8D80-117CCBF92445}.Release|x86.ActiveCfg = Release|Any CPU
		{1CF25E76-D9CE-4E3A-B7B2-377AB9F85BC3}.Debug|Any CPU.ActiveCfg = Debug|Any CPU
		{1CF25E76-D9CE-4E3A-B7B2-377AB9F85BC3}.Debug|Any CPU.Build.0 = Debug|Any CPU
		{1CF25E76-D9CE-4E3A-B7B2-377AB9F85BC3}.Debug|x64.ActiveCfg = Debug|Any CPU
		{1CF25E76-D9CE-4E3A-B7B2-377AB9F85BC3}.Debug|x86.ActiveCfg = Debug|Any CPU
		{1CF25E76-D9CE-4E3A-B7B2-377AB9F85BC3}.Release|Any CPU.ActiveCfg = Release|Any CPU
		{1CF25E76-D9CE-4E3A-B7B2-377AB9F85BC3}.Release|Any CPU.Build.0 = Release|Any CPU
		{1CF25E76-D9CE-4E3A-B7B2-377AB9F85BC3}.Release|x64.ActiveCfg = Release|Any CPU
		{1CF25E76-D9CE-4E3A-B7B2-377AB9F85BC3}.Release|x86.ActiveCfg = Release|Any CPU
		{7686A6B5-A0A4-47F2-BA6F-5C2FF81773EC}.Debug|Any CPU.ActiveCfg = Debug|Any CPU
		{7686A6B5-A0A4-47F2-BA6F-5C2FF81773EC}.Debug|Any CPU.Build.0 = Debug|Any CPU
		{7686A6B5-A0A4-47F2-BA6F-5C2FF81773EC}.Debug|x64.ActiveCfg = Debug|Any CPU
		{7686A6B5-A0A4-47F2-BA6F-5C2FF81773EC}.Debug|x64.Build.0 = Debug|Any CPU
		{7686A6B5-A0A4-47F2-BA6F-5C2FF81773EC}.Debug|x86.ActiveCfg = Debug|Any CPU
		{7686A6B5-A0A4-47F2-BA6F-5C2FF81773EC}.Release|Any CPU.ActiveCfg = Release|Any CPU
		{7686A6B5-A0A4-47F2-BA6F-5C2FF81773EC}.Release|Any CPU.Build.0 = Release|Any CPU
		{7686A6B5-A0A4-47F2-BA6F-5C2FF81773EC}.Release|x64.ActiveCfg = Debug|Any CPU
		{7686A6B5-A0A4-47F2-BA6F-5C2FF81773EC}.Release|x86.ActiveCfg = Debug|Any CPU
		{438D4B8C-1DF3-4C20-857F-A92C86D8B464}.Debug|Any CPU.ActiveCfg = Debug|Any CPU
		{438D4B8C-1DF3-4C20-857F-A92C86D8B464}.Debug|Any CPU.Build.0 = Debug|Any CPU
		{438D4B8C-1DF3-4C20-857F-A92C86D8B464}.Debug|x64.ActiveCfg = Debug|Any CPU
		{438D4B8C-1DF3-4C20-857F-A92C86D8B464}.Debug|x86.ActiveCfg = Debug|Any CPU
		{438D4B8C-1DF3-4C20-857F-A92C86D8B464}.Release|Any CPU.ActiveCfg = Release|Any CPU
		{438D4B8C-1DF3-4C20-857F-A92C86D8B464}.Release|Any CPU.Build.0 = Release|Any CPU
		{438D4B8C-1DF3-4C20-857F-A92C86D8B464}.Release|x64.ActiveCfg = Release|Any CPU
		{438D4B8C-1DF3-4C20-857F-A92C86D8B464}.Release|x86.ActiveCfg = Release|Any CPU
		{0B81888E-D5FB-47DD-BDFA-CFF3C35DC4C2}.Debug|Any CPU.ActiveCfg = Debug|Any CPU
		{0B81888E-D5FB-47DD-BDFA-CFF3C35DC4C2}.Debug|Any CPU.Build.0 = Debug|Any CPU
		{0B81888E-D5FB-47DD-BDFA-CFF3C35DC4C2}.Debug|x64.ActiveCfg = Debug|Any CPU
		{0B81888E-D5FB-47DD-BDFA-CFF3C35DC4C2}.Debug|x86.ActiveCfg = Debug|Any CPU
		{0B81888E-D5FB-47DD-BDFA-CFF3C35DC4C2}.Release|Any CPU.ActiveCfg = Release|Any CPU
		{0B81888E-D5FB-47DD-BDFA-CFF3C35DC4C2}.Release|Any CPU.Build.0 = Release|Any CPU
		{0B81888E-D5FB-47DD-BDFA-CFF3C35DC4C2}.Release|x64.ActiveCfg = Release|Any CPU
		{0B81888E-D5FB-47DD-BDFA-CFF3C35DC4C2}.Release|x86.ActiveCfg = Release|Any CPU
		{FBDDB922-CAFF-49F3-A464-A603B587FECE}.Debug|Any CPU.ActiveCfg = Release|Any CPU
		{FBDDB922-CAFF-49F3-A464-A603B587FECE}.Debug|Any CPU.Build.0 = Release|Any CPU
		{FBDDB922-CAFF-49F3-A464-A603B587FECE}.Debug|x64.ActiveCfg = Release|Any CPU
		{FBDDB922-CAFF-49F3-A464-A603B587FECE}.Debug|x86.ActiveCfg = Release|Any CPU
		{FBDDB922-CAFF-49F3-A464-A603B587FECE}.Release|Any CPU.ActiveCfg = Release|Any CPU
		{FBDDB922-CAFF-49F3-A464-A603B587FECE}.Release|Any CPU.Build.0 = Release|Any CPU
		{FBDDB922-CAFF-49F3-A464-A603B587FECE}.Release|x64.ActiveCfg = Release|Any CPU
		{FBDDB922-CAFF-49F3-A464-A603B587FECE}.Release|x86.ActiveCfg = Release|Any CPU
		{5A127E0C-15B7-4E1B-AAC2-EC569633D95B}.Debug|Any CPU.ActiveCfg = Debug|x86
		{5A127E0C-15B7-4E1B-AAC2-EC569633D95B}.Debug|Any CPU.Build.0 = Debug|x86
		{5A127E0C-15B7-4E1B-AAC2-EC569633D95B}.Debug|x64.ActiveCfg = Debug|x86
		{5A127E0C-15B7-4E1B-AAC2-EC569633D95B}.Debug|x64.Build.0 = Debug|x86
		{5A127E0C-15B7-4E1B-AAC2-EC569633D95B}.Debug|x86.ActiveCfg = Debug|x86
		{5A127E0C-15B7-4E1B-AAC2-EC569633D95B}.Debug|x86.Build.0 = Debug|x86
		{5A127E0C-15B7-4E1B-AAC2-EC569633D95B}.Release|Any CPU.ActiveCfg = Release|x86
		{5A127E0C-15B7-4E1B-AAC2-EC569633D95B}.Release|Any CPU.Build.0 = Release|x86
		{5A127E0C-15B7-4E1B-AAC2-EC569633D95B}.Release|x64.ActiveCfg = Release|x86
		{5A127E0C-15B7-4E1B-AAC2-EC569633D95B}.Release|x86.ActiveCfg = Release|x86
		{5A127E0C-15B7-4E1B-AAC2-EC569633D95B}.Release|x86.Build.0 = Release|x86
		{A03AA38A-8FE2-4856-9D95-1C3B46DF1C6C}.Debug|Any CPU.ActiveCfg = Debug|Any CPU
		{A03AA38A-8FE2-4856-9D95-1C3B46DF1C6C}.Debug|Any CPU.Build.0 = Debug|Any CPU
		{A03AA38A-8FE2-4856-9D95-1C3B46DF1C6C}.Debug|Any CPU.Deploy.0 = Debug|Any CPU
		{A03AA38A-8FE2-4856-9D95-1C3B46DF1C6C}.Debug|x64.ActiveCfg = Debug|Any CPU
		{A03AA38A-8FE2-4856-9D95-1C3B46DF1C6C}.Debug|x64.Build.0 = Debug|Any CPU
		{A03AA38A-8FE2-4856-9D95-1C3B46DF1C6C}.Debug|x64.Deploy.0 = Debug|Any CPU
		{A03AA38A-8FE2-4856-9D95-1C3B46DF1C6C}.Debug|x86.ActiveCfg = Debug|Any CPU
		{A03AA38A-8FE2-4856-9D95-1C3B46DF1C6C}.Release|Any CPU.ActiveCfg = Release|Any CPU
		{A03AA38A-8FE2-4856-9D95-1C3B46DF1C6C}.Release|Any CPU.Build.0 = Release|Any CPU
		{A03AA38A-8FE2-4856-9D95-1C3B46DF1C6C}.Release|Any CPU.Deploy.0 = Release|Any CPU
		{A03AA38A-8FE2-4856-9D95-1C3B46DF1C6C}.Release|x64.ActiveCfg = Debug|Any CPU
		{A03AA38A-8FE2-4856-9D95-1C3B46DF1C6C}.Release|x86.ActiveCfg = Debug|Any CPU
		{E8D927EE-7090-46DF-BBA9-B8EBEF0401E2}.Debug|Any CPU.ActiveCfg = Release|Any CPU
		{E8D927EE-7090-46DF-BBA9-B8EBEF0401E2}.Debug|Any CPU.Build.0 = Release|Any CPU
		{E8D927EE-7090-46DF-BBA9-B8EBEF0401E2}.Debug|x64.ActiveCfg = Release|Any CPU
		{E8D927EE-7090-46DF-BBA9-B8EBEF0401E2}.Debug|x86.ActiveCfg = Release|Any CPU
		{E8D927EE-7090-46DF-BBA9-B8EBEF0401E2}.Release|Any CPU.ActiveCfg = Release|Any CPU
		{E8D927EE-7090-46DF-BBA9-B8EBEF0401E2}.Release|Any CPU.Build.0 = Release|Any CPU
		{E8D927EE-7090-46DF-BBA9-B8EBEF0401E2}.Release|x64.ActiveCfg = Release|Any CPU
		{E8D927EE-7090-46DF-BBA9-B8EBEF0401E2}.Release|x86.ActiveCfg = Release|Any CPU
		{ADB067C9-C4FE-483C-BA6C-6C06FAD70116}.Debug|Any CPU.ActiveCfg = Debug|Any CPU
		{ADB067C9-C4FE-483C-BA6C-6C06FAD70116}.Debug|Any CPU.Build.0 = Debug|Any CPU
		{ADB067C9-C4FE-483C-BA6C-6C06FAD70116}.Debug|x64.ActiveCfg = Debug|Any CPU
		{ADB067C9-C4FE-483C-BA6C-6C06FAD70116}.Debug|x64.Build.0 = Debug|Any CPU
		{ADB067C9-C4FE-483C-BA6C-6C06FAD70116}.Debug|x86.ActiveCfg = Debug|Any CPU
		{ADB067C9-C4FE-483C-BA6C-6C06FAD70116}.Release|Any CPU.ActiveCfg = Release|Any CPU
		{ADB067C9-C4FE-483C-BA6C-6C06FAD70116}.Release|Any CPU.Build.0 = Release|Any CPU
		{ADB067C9-C4FE-483C-BA6C-6C06FAD70116}.Release|x64.ActiveCfg = Debug|Any CPU
		{ADB067C9-C4FE-483C-BA6C-6C06FAD70116}.Release|x86.ActiveCfg = Debug|Any CPU
		{F66D9400-FB56-48D4-8DA3-C9AE59AD9E0D}.Debug|Any CPU.ActiveCfg = Debug|Any CPU
		{F66D9400-FB56-48D4-8DA3-C9AE59AD9E0D}.Debug|Any CPU.Build.0 = Debug|Any CPU
		{F66D9400-FB56-48D4-8DA3-C9AE59AD9E0D}.Debug|x64.ActiveCfg = Release|Any CPU
		{F66D9400-FB56-48D4-8DA3-C9AE59AD9E0D}.Debug|x64.Build.0 = Release|Any CPU
		{F66D9400-FB56-48D4-8DA3-C9AE59AD9E0D}.Debug|x86.ActiveCfg = Release|Any CPU
		{F66D9400-FB56-48D4-8DA3-C9AE59AD9E0D}.Release|Any CPU.ActiveCfg = Release|Any CPU
		{F66D9400-FB56-48D4-8DA3-C9AE59AD9E0D}.Release|Any CPU.Build.0 = Release|Any CPU
		{F66D9400-FB56-48D4-8DA3-C9AE59AD9E0D}.Release|x64.ActiveCfg = Release|Any CPU
		{F66D9400-FB56-48D4-8DA3-C9AE59AD9E0D}.Release|x86.ActiveCfg = Release|Any CPU
		{CC16EEDA-663B-4E41-8047-0AAED4A03680}.Debug|Any CPU.ActiveCfg = Debug|Any CPU
		{CC16EEDA-663B-4E41-8047-0AAED4A03680}.Debug|Any CPU.Build.0 = Debug|Any CPU
		{CC16EEDA-663B-4E41-8047-0AAED4A03680}.Debug|x64.ActiveCfg = Debug|Any CPU
		{CC16EEDA-663B-4E41-8047-0AAED4A03680}.Debug|x64.Build.0 = Debug|Any CPU
		{CC16EEDA-663B-4E41-8047-0AAED4A03680}.Debug|x86.ActiveCfg = Debug|Any CPU
		{CC16EEDA-663B-4E41-8047-0AAED4A03680}.Release|Any CPU.ActiveCfg = Release|Any CPU
		{CC16EEDA-663B-4E41-8047-0AAED4A03680}.Release|Any CPU.Build.0 = Release|Any CPU
		{CC16EEDA-663B-4E41-8047-0AAED4A03680}.Release|x64.ActiveCfg = Debug|Any CPU
		{CC16EEDA-663B-4E41-8047-0AAED4A03680}.Release|x86.ActiveCfg = Debug|Any CPU
		{99F4571C-D18B-4A73-B5B8-9AABC16FAAD1}.Debug|Any CPU.ActiveCfg = Debug|Any CPU
		{99F4571C-D18B-4A73-B5B8-9AABC16FAAD1}.Debug|Any CPU.Build.0 = Debug|Any CPU
		{99F4571C-D18B-4A73-B5B8-9AABC16FAAD1}.Debug|Any CPU.Deploy.0 = Debug|Any CPU
		{99F4571C-D18B-4A73-B5B8-9AABC16FAAD1}.Debug|x64.ActiveCfg = Debug|Any CPU
		{99F4571C-D18B-4A73-B5B8-9AABC16FAAD1}.Debug|x64.Build.0 = Debug|Any CPU
		{99F4571C-D18B-4A73-B5B8-9AABC16FAAD1}.Debug|x64.Deploy.0 = Debug|Any CPU
		{99F4571C-D18B-4A73-B5B8-9AABC16FAAD1}.Debug|x86.ActiveCfg = Debug|Any CPU
		{99F4571C-D18B-4A73-B5B8-9AABC16FAAD1}.Release|Any CPU.ActiveCfg = Release|Any CPU
		{99F4571C-D18B-4A73-B5B8-9AABC16FAAD1}.Release|Any CPU.Build.0 = Release|Any CPU
		{99F4571C-D18B-4A73-B5B8-9AABC16FAAD1}.Release|Any CPU.Deploy.0 = Release|Any CPU
		{99F4571C-D18B-4A73-B5B8-9AABC16FAAD1}.Release|x64.ActiveCfg = Debug|Any CPU
		{99F4571C-D18B-4A73-B5B8-9AABC16FAAD1}.Release|x86.ActiveCfg = Debug|Any CPU
		{2C8D04D1-547C-439B-86A1-55ADE43E9BF3}.Debug|Any CPU.ActiveCfg = Debug|Any CPU
		{2C8D04D1-547C-439B-86A1-55ADE43E9BF3}.Debug|Any CPU.Build.0 = Debug|Any CPU
		{2C8D04D1-547C-439B-86A1-55ADE43E9BF3}.Debug|x64.ActiveCfg = Release|Any CPU
		{2C8D04D1-547C-439B-86A1-55ADE43E9BF3}.Debug|x86.ActiveCfg = Release|Any CPU
		{2C8D04D1-547C-439B-86A1-55ADE43E9BF3}.Release|Any CPU.ActiveCfg = Release|Any CPU
		{2C8D04D1-547C-439B-86A1-55ADE43E9BF3}.Release|Any CPU.Build.0 = Release|Any CPU
		{2C8D04D1-547C-439B-86A1-55ADE43E9BF3}.Release|x64.ActiveCfg = Release|Any CPU
		{2C8D04D1-547C-439B-86A1-55ADE43E9BF3}.Release|x86.ActiveCfg = Release|Any CPU
		{FA2862C6-83E2-4B42-B18F-CB151B1700AB}.Debug|Any CPU.ActiveCfg = Release|Any CPU
		{FA2862C6-83E2-4B42-B18F-CB151B1700AB}.Debug|Any CPU.Build.0 = Release|Any CPU
		{FA2862C6-83E2-4B42-B18F-CB151B1700AB}.Debug|x64.ActiveCfg = Release|Any CPU
		{FA2862C6-83E2-4B42-B18F-CB151B1700AB}.Debug|x86.ActiveCfg = Release|Any CPU
		{FA2862C6-83E2-4B42-B18F-CB151B1700AB}.Release|Any CPU.ActiveCfg = Release|Any CPU
		{FA2862C6-83E2-4B42-B18F-CB151B1700AB}.Release|Any CPU.Build.0 = Release|Any CPU
		{FA2862C6-83E2-4B42-B18F-CB151B1700AB}.Release|x64.ActiveCfg = Release|Any CPU
		{FA2862C6-83E2-4B42-B18F-CB151B1700AB}.Release|x86.ActiveCfg = Release|Any CPU
		{D81BE312-A8B1-43E4-8053-0277FAA0A924}.Debug|Any CPU.ActiveCfg = Debug|Any CPU
		{D81BE312-A8B1-43E4-8053-0277FAA0A924}.Debug|Any CPU.Build.0 = Debug|Any CPU
		{D81BE312-A8B1-43E4-8053-0277FAA0A924}.Debug|x64.ActiveCfg = Debug|Any CPU
		{D81BE312-A8B1-43E4-8053-0277FAA0A924}.Debug|x86.ActiveCfg = Debug|Any CPU
		{D81BE312-A8B1-43E4-8053-0277FAA0A924}.Release|Any CPU.ActiveCfg = Release|Any CPU
		{D81BE312-A8B1-43E4-8053-0277FAA0A924}.Release|Any CPU.Build.0 = Release|Any CPU
		{D81BE312-A8B1-43E4-8053-0277FAA0A924}.Release|x64.ActiveCfg = Release|Any CPU
		{D81BE312-A8B1-43E4-8053-0277FAA0A924}.Release|x86.ActiveCfg = Release|Any CPU
		{8EE756C0-A570-4749-A25D-97D5320CA0A8}.Debug|Any CPU.ActiveCfg = Release|Any CPU
		{8EE756C0-A570-4749-A25D-97D5320CA0A8}.Debug|Any CPU.Build.0 = Release|Any CPU
		{8EE756C0-A570-4749-A25D-97D5320CA0A8}.Debug|x64.ActiveCfg = Release|Any CPU
		{8EE756C0-A570-4749-A25D-97D5320CA0A8}.Debug|x86.ActiveCfg = Release|Any CPU
		{8EE756C0-A570-4749-A25D-97D5320CA0A8}.Release|Any CPU.ActiveCfg = Release|Any CPU
		{8EE756C0-A570-4749-A25D-97D5320CA0A8}.Release|Any CPU.Build.0 = Release|Any CPU
		{8EE756C0-A570-4749-A25D-97D5320CA0A8}.Release|x64.ActiveCfg = Release|Any CPU
		{8EE756C0-A570-4749-A25D-97D5320CA0A8}.Release|x86.ActiveCfg = Release|Any CPU
		{C7B43080-C6BE-43D3-A41A-952A00546AF9}.Debug|Any CPU.ActiveCfg = Debug|x86
		{C7B43080-C6BE-43D3-A41A-952A00546AF9}.Debug|Any CPU.Build.0 = Debug|x86
		{C7B43080-C6BE-43D3-A41A-952A00546AF9}.Debug|x64.ActiveCfg = Debug|x86
		{C7B43080-C6BE-43D3-A41A-952A00546AF9}.Debug|x64.Build.0 = Debug|x86
		{C7B43080-C6BE-43D3-A41A-952A00546AF9}.Debug|x86.ActiveCfg = Debug|x86
		{C7B43080-C6BE-43D3-A41A-952A00546AF9}.Debug|x86.Build.0 = Debug|x86
		{C7B43080-C6BE-43D3-A41A-952A00546AF9}.Release|Any CPU.ActiveCfg = Release|x86
		{C7B43080-C6BE-43D3-A41A-952A00546AF9}.Release|Any CPU.Build.0 = Release|x86
		{C7B43080-C6BE-43D3-A41A-952A00546AF9}.Release|x64.ActiveCfg = Release|x86
		{C7B43080-C6BE-43D3-A41A-952A00546AF9}.Release|x86.ActiveCfg = Release|x86
		{C7B43080-C6BE-43D3-A41A-952A00546AF9}.Release|x86.Build.0 = Release|x86
		{29B70EAE-075B-4B14-91BE-4640F0622CFE}.Debug|Any CPU.ActiveCfg = Debug|x86
		{29B70EAE-075B-4B14-91BE-4640F0622CFE}.Debug|Any CPU.Build.0 = Debug|x86
		{29B70EAE-075B-4B14-91BE-4640F0622CFE}.Debug|x64.ActiveCfg = Debug|x86
		{29B70EAE-075B-4B14-91BE-4640F0622CFE}.Debug|x64.Build.0 = Debug|x86
		{29B70EAE-075B-4B14-91BE-4640F0622CFE}.Debug|x86.ActiveCfg = Debug|x86
		{29B70EAE-075B-4B14-91BE-4640F0622CFE}.Debug|x86.Build.0 = Debug|x86
		{29B70EAE-075B-4B14-91BE-4640F0622CFE}.Release|Any CPU.ActiveCfg = Release|x86
		{29B70EAE-075B-4B14-91BE-4640F0622CFE}.Release|Any CPU.Build.0 = Release|x86
		{29B70EAE-075B-4B14-91BE-4640F0622CFE}.Release|x64.ActiveCfg = Release|x86
		{29B70EAE-075B-4B14-91BE-4640F0622CFE}.Release|x86.ActiveCfg = Release|x86
		{29B70EAE-075B-4B14-91BE-4640F0622CFE}.Release|x86.Build.0 = Release|x86
		{ADEC4002-C57E-47B1-B804-EF989FED7F74}.Debug|Any CPU.ActiveCfg = Debug|Any CPU
		{ADEC4002-C57E-47B1-B804-EF989FED7F74}.Debug|Any CPU.Build.0 = Debug|Any CPU
		{ADEC4002-C57E-47B1-B804-EF989FED7F74}.Debug|x64.ActiveCfg = Debug|Any CPU
		{ADEC4002-C57E-47B1-B804-EF989FED7F74}.Debug|x64.Build.0 = Debug|Any CPU
		{ADEC4002-C57E-47B1-B804-EF989FED7F74}.Debug|x86.ActiveCfg = Debug|Any CPU
		{ADEC4002-C57E-47B1-B804-EF989FED7F74}.Release|Any CPU.ActiveCfg = Release|Any CPU
		{ADEC4002-C57E-47B1-B804-EF989FED7F74}.Release|Any CPU.Build.0 = Release|Any CPU
		{ADEC4002-C57E-47B1-B804-EF989FED7F74}.Release|x64.ActiveCfg = Debug|Any CPU
		{ADEC4002-C57E-47B1-B804-EF989FED7F74}.Release|x86.ActiveCfg = Debug|Any CPU
		{4EAD6A36-0951-464D-89D5-1072994D7E86}.Debug|Any CPU.ActiveCfg = Debug|Any CPU
		{4EAD6A36-0951-464D-89D5-1072994D7E86}.Debug|Any CPU.Build.0 = Debug|Any CPU
		{4EAD6A36-0951-464D-89D5-1072994D7E86}.Debug|x64.ActiveCfg = Debug|Any CPU
		{4EAD6A36-0951-464D-89D5-1072994D7E86}.Debug|x64.Build.0 = Debug|Any CPU
		{4EAD6A36-0951-464D-89D5-1072994D7E86}.Debug|x86.ActiveCfg = Debug|Any CPU
		{4EAD6A36-0951-464D-89D5-1072994D7E86}.Release|Any CPU.ActiveCfg = Release|Any CPU
		{4EAD6A36-0951-464D-89D5-1072994D7E86}.Release|Any CPU.Build.0 = Release|Any CPU
		{4EAD6A36-0951-464D-89D5-1072994D7E86}.Release|x64.ActiveCfg = Debug|Any CPU
		{4EAD6A36-0951-464D-89D5-1072994D7E86}.Release|x86.ActiveCfg = Debug|Any CPU
		{B6691444-38CD-4FDA-ADBC-0DBB3FF5739C}.Debug|Any CPU.ActiveCfg = Debug|Any CPU
		{B6691444-38CD-4FDA-ADBC-0DBB3FF5739C}.Debug|Any CPU.Build.0 = Debug|Any CPU
		{B6691444-38CD-4FDA-ADBC-0DBB3FF5739C}.Debug|x64.ActiveCfg = Debug|x86
		{B6691444-38CD-4FDA-ADBC-0DBB3FF5739C}.Debug|x64.Build.0 = Debug|x86
		{B6691444-38CD-4FDA-ADBC-0DBB3FF5739C}.Debug|x86.ActiveCfg = Debug|x86
		{B6691444-38CD-4FDA-ADBC-0DBB3FF5739C}.Debug|x86.Build.0 = Debug|x86
		{B6691444-38CD-4FDA-ADBC-0DBB3FF5739C}.Release|Any CPU.ActiveCfg = Release|x86
		{B6691444-38CD-4FDA-ADBC-0DBB3FF5739C}.Release|Any CPU.Build.0 = Release|x86
		{B6691444-38CD-4FDA-ADBC-0DBB3FF5739C}.Release|x64.ActiveCfg = Debug|x86
		{B6691444-38CD-4FDA-ADBC-0DBB3FF5739C}.Release|x86.ActiveCfg = Debug|x86
		{B6691444-38CD-4FDA-ADBC-0DBB3FF5739C}.Release|x86.Build.0 = Debug|x86
		{7011F83A-8D0C-4302-BDC3-D7195C1094A7}.Debug|Any CPU.ActiveCfg = Debug|x64
		{7011F83A-8D0C-4302-BDC3-D7195C1094A7}.Debug|Any CPU.Build.0 = Debug|x64
		{7011F83A-8D0C-4302-BDC3-D7195C1094A7}.Debug|x64.ActiveCfg = Debug|x64
		{7011F83A-8D0C-4302-BDC3-D7195C1094A7}.Debug|x64.Build.0 = Debug|x64
		{7011F83A-8D0C-4302-BDC3-D7195C1094A7}.Debug|x86.ActiveCfg = Debug|x64
		{7011F83A-8D0C-4302-BDC3-D7195C1094A7}.Release|Any CPU.ActiveCfg = Release|x64
		{7011F83A-8D0C-4302-BDC3-D7195C1094A7}.Release|Any CPU.Build.0 = Release|x64
		{7011F83A-8D0C-4302-BDC3-D7195C1094A7}.Release|x64.ActiveCfg = Release|x64
		{7011F83A-8D0C-4302-BDC3-D7195C1094A7}.Release|x64.Build.0 = Release|x64
		{7011F83A-8D0C-4302-BDC3-D7195C1094A7}.Release|x86.ActiveCfg = Release|x64
		{FD2B705E-7262-4BB6-871B-B9C7845C6C06}.Debug|Any CPU.ActiveCfg = Debug|Any CPU
		{FD2B705E-7262-4BB6-871B-B9C7845C6C06}.Debug|Any CPU.Build.0 = Debug|Any CPU
		{FD2B705E-7262-4BB6-871B-B9C7845C6C06}.Debug|x64.ActiveCfg = Debug|Any CPU
		{FD2B705E-7262-4BB6-871B-B9C7845C6C06}.Debug|x64.Build.0 = Debug|Any CPU
		{FD2B705E-7262-4BB6-871B-B9C7845C6C06}.Debug|x86.ActiveCfg = Debug|Any CPU
		{FD2B705E-7262-4BB6-871B-B9C7845C6C06}.Release|Any CPU.ActiveCfg = Release|Any CPU
		{FD2B705E-7262-4BB6-871B-B9C7845C6C06}.Release|Any CPU.Build.0 = Release|Any CPU
		{FD2B705E-7262-4BB6-871B-B9C7845C6C06}.Release|x64.ActiveCfg = Debug|Any CPU
		{FD2B705E-7262-4BB6-871B-B9C7845C6C06}.Release|x86.ActiveCfg = Debug|Any CPU
		{E1A9136A-D9FF-4C6D-9AC5-BDC236150E4C}.Debug|Any CPU.ActiveCfg = Debug|Any CPU
		{E1A9136A-D9FF-4C6D-9AC5-BDC236150E4C}.Debug|Any CPU.Build.0 = Debug|Any CPU
		{E1A9136A-D9FF-4C6D-9AC5-BDC236150E4C}.Debug|x64.ActiveCfg = Debug|Any CPU
		{E1A9136A-D9FF-4C6D-9AC5-BDC236150E4C}.Debug|x86.ActiveCfg = Debug|Any CPU
		{E1A9136A-D9FF-4C6D-9AC5-BDC236150E4C}.Release|Any CPU.ActiveCfg = Release|Any CPU
		{E1A9136A-D9FF-4C6D-9AC5-BDC236150E4C}.Release|Any CPU.Build.0 = Release|Any CPU
		{E1A9136A-D9FF-4C6D-9AC5-BDC236150E4C}.Release|x64.ActiveCfg = Release|Any CPU
		{E1A9136A-D9FF-4C6D-9AC5-BDC236150E4C}.Release|x86.ActiveCfg = Release|Any CPU
		{8D180247-ADD6-4FB4-BB98-9F2B9F3EBD6E}.Debug|Any CPU.ActiveCfg = Release|Any CPU
		{8D180247-ADD6-4FB4-BB98-9F2B9F3EBD6E}.Debug|Any CPU.Build.0 = Release|Any CPU
		{8D180247-ADD6-4FB4-BB98-9F2B9F3EBD6E}.Debug|x64.ActiveCfg = Release|Any CPU
		{8D180247-ADD6-4FB4-BB98-9F2B9F3EBD6E}.Debug|x86.ActiveCfg = Release|Any CPU
		{8D180247-ADD6-4FB4-BB98-9F2B9F3EBD6E}.Release|Any CPU.ActiveCfg = Release|Any CPU
		{8D180247-ADD6-4FB4-BB98-9F2B9F3EBD6E}.Release|Any CPU.Build.0 = Release|Any CPU
		{8D180247-ADD6-4FB4-BB98-9F2B9F3EBD6E}.Release|x64.ActiveCfg = Release|Any CPU
		{8D180247-ADD6-4FB4-BB98-9F2B9F3EBD6E}.Release|x86.ActiveCfg = Release|Any CPU
		{588FF33F-504A-412D-BB62-952003F65C63}.Debug|Any CPU.ActiveCfg = Debug|Any CPU
		{588FF33F-504A-412D-BB62-952003F65C63}.Debug|Any CPU.Build.0 = Debug|Any CPU
		{588FF33F-504A-412D-BB62-952003F65C63}.Debug|x64.ActiveCfg = Debug|Any CPU
		{588FF33F-504A-412D-BB62-952003F65C63}.Debug|x64.Build.0 = Debug|Any CPU
		{588FF33F-504A-412D-BB62-952003F65C63}.Debug|x86.ActiveCfg = Debug|Any CPU
		{588FF33F-504A-412D-BB62-952003F65C63}.Release|Any CPU.ActiveCfg = Release|Any CPU
		{588FF33F-504A-412D-BB62-952003F65C63}.Release|Any CPU.Build.0 = Release|Any CPU
		{588FF33F-504A-412D-BB62-952003F65C63}.Release|x64.ActiveCfg = Debug|Any CPU
		{588FF33F-504A-412D-BB62-952003F65C63}.Release|x86.ActiveCfg = Debug|Any CPU
		{39B9C4F6-5A5F-493D-8B07-C6F3C4CA5A98}.Debug|Any CPU.ActiveCfg = Debug|Any CPU
		{39B9C4F6-5A5F-493D-8B07-C6F3C4CA5A98}.Debug|Any CPU.Build.0 = Debug|Any CPU
		{39B9C4F6-5A5F-493D-8B07-C6F3C4CA5A98}.Debug|x64.ActiveCfg = Debug|Any CPU
		{39B9C4F6-5A5F-493D-8B07-C6F3C4CA5A98}.Debug|x86.ActiveCfg = Debug|Any CPU
		{39B9C4F6-5A5F-493D-8B07-C6F3C4CA5A98}.Release|Any CPU.ActiveCfg = Release|Any CPU
		{39B9C4F6-5A5F-493D-8B07-C6F3C4CA5A98}.Release|Any CPU.Build.0 = Release|Any CPU
		{39B9C4F6-5A5F-493D-8B07-C6F3C4CA5A98}.Release|x64.ActiveCfg = Release|Any CPU
		{39B9C4F6-5A5F-493D-8B07-C6F3C4CA5A98}.Release|x86.ActiveCfg = Release|Any CPU
		{72F979FE-A744-42EA-9D4D-1B865EAB1066}.Debug|Any CPU.ActiveCfg = Debug|Any CPU
		{72F979FE-A744-42EA-9D4D-1B865EAB1066}.Debug|Any CPU.Build.0 = Debug|Any CPU
		{72F979FE-A744-42EA-9D4D-1B865EAB1066}.Debug|x64.ActiveCfg = Debug|Any CPU
		{72F979FE-A744-42EA-9D4D-1B865EAB1066}.Debug|x64.Build.0 = Debug|Any CPU
		{72F979FE-A744-42EA-9D4D-1B865EAB1066}.Debug|x86.ActiveCfg = Debug|Any CPU
		{72F979FE-A744-42EA-9D4D-1B865EAB1066}.Debug|x86.Build.0 = Debug|Any CPU
		{72F979FE-A744-42EA-9D4D-1B865EAB1066}.Release|Any CPU.ActiveCfg = Release|Any CPU
		{72F979FE-A744-42EA-9D4D-1B865EAB1066}.Release|Any CPU.Build.0 = Release|Any CPU
		{72F979FE-A744-42EA-9D4D-1B865EAB1066}.Release|x64.ActiveCfg = Release|Any CPU
		{72F979FE-A744-42EA-9D4D-1B865EAB1066}.Release|x64.Build.0 = Release|Any CPU
		{72F979FE-A744-42EA-9D4D-1B865EAB1066}.Release|x86.ActiveCfg = Release|Any CPU
		{72F979FE-A744-42EA-9D4D-1B865EAB1066}.Release|x86.Build.0 = Release|Any CPU
		{6DDF6CD7-5C09-4609-A587-D5284587AB8D}.Debug|Any CPU.ActiveCfg = Debug|Any CPU
		{6DDF6CD7-5C09-4609-A587-D5284587AB8D}.Debug|Any CPU.Build.0 = Debug|Any CPU
		{6DDF6CD7-5C09-4609-A587-D5284587AB8D}.Debug|x64.ActiveCfg = Debug|Any CPU
		{6DDF6CD7-5C09-4609-A587-D5284587AB8D}.Debug|x64.Build.0 = Debug|Any CPU
		{6DDF6CD7-5C09-4609-A587-D5284587AB8D}.Debug|x86.ActiveCfg = Debug|Any CPU
		{6DDF6CD7-5C09-4609-A587-D5284587AB8D}.Debug|x86.Build.0 = Debug|Any CPU
		{6DDF6CD7-5C09-4609-A587-D5284587AB8D}.Release|Any CPU.ActiveCfg = Release|Any CPU
		{6DDF6CD7-5C09-4609-A587-D5284587AB8D}.Release|Any CPU.Build.0 = Release|Any CPU
		{6DDF6CD7-5C09-4609-A587-D5284587AB8D}.Release|x64.ActiveCfg = Release|Any CPU
		{6DDF6CD7-5C09-4609-A587-D5284587AB8D}.Release|x64.Build.0 = Release|Any CPU
		{6DDF6CD7-5C09-4609-A587-D5284587AB8D}.Release|x86.ActiveCfg = Release|Any CPU
		{6DDF6CD7-5C09-4609-A587-D5284587AB8D}.Release|x86.Build.0 = Release|Any CPU
	EndGlobalSection
	GlobalSection(SolutionProperties) = preSolution
		HideSolutionNode = FALSE
	EndGlobalSection
	GlobalSection(NestedProjects) = preSolution
		{8BB5F247-8B1A-4713-8BA0-464A507FBB97} = {BF47FB26-A1A9-4DEB-B652-06F49F729738}
		{8AAF2051-B43F-4BEC-A1FD-1B03035910DF} = {28679A11-1807-498A-AA2B-A35740F869B9}
		{59D19C9D-43B1-45C9-97BC-96BA7BFD0484} = {C46C116E-CBC7-4E98-8080-0694FF9D3297}
		{B3EB01EE-64C2-495A-9FD9-610974C4FE3E} = {D1B72274-20E2-4297-8E45-C426EF405834}
		{B1BED686-72F1-4A29-B81B-8B7EF9BB5739} = {17A8E167-D398-493B-AD0F-E20C59BE2C83}
		{FE5EF66F-8ABA-4CBF-9998-0BBC98B76E53} = {B8995CD3-A09B-4747-A998-CEA36F9CC288}
		{C6BAA5A2-F199-4F08-A0AA-99F146F0B693} = {F5554F5A-06F3-4E57-95A7-AE9722534BCB}
		{5EFD4E1A-62BC-412C-952D-EBDE2CBAD3A1} = {8EA74830-F321-4F89-9BF0-8FACA959AC85}
		{91237AA9-6C92-4B47-8D80-117CCBF92445} = {60A0FBD8-E80A-4AA1-95C3-AA4F8DAF7888}
		{1CF25E76-D9CE-4E3A-B7B2-377AB9F85BC3} = {D264E79C-456C-4DB6-B595-EB9E41A5B391}
		{7686A6B5-A0A4-47F2-BA6F-5C2FF81773EC} = {B0CE5816-A049-4218-BA44-D9E0AFCB4506}
		{438D4B8C-1DF3-4C20-857F-A92C86D8B464} = {4CD94479-68E0-494C-8F90-4975395ED659}
		{0B81888E-D5FB-47DD-BDFA-CFF3C35DC4C2} = {014499B6-4971-4186-8CA0-A40E69330779}
		{FBDDB922-CAFF-49F3-A464-A603B587FECE} = {87FAD8EE-CDB6-434C-9BF6-8D582516298F}
		{5A127E0C-15B7-4E1B-AAC2-EC569633D95B} = {A08EF9F1-4E59-48B3-AEAF-B4BF6A060BC2}
		{A03AA38A-8FE2-4856-9D95-1C3B46DF1C6C} = {12EE1C7C-47C2-44CC-A0E8-132FF47C629A}
		{E8D927EE-7090-46DF-BBA9-B8EBEF0401E2} = {7699BEB9-BFE4-4619-B581-98C8F4A0AA4D}
		{C46C116E-CBC7-4E98-8080-0694FF9D3297} = {12A7AC59-5305-402D-A767-E45FF800578A}
		{F5554F5A-06F3-4E57-95A7-AE9722534BCB} = {12A7AC59-5305-402D-A767-E45FF800578A}
		{B0CE5816-A049-4218-BA44-D9E0AFCB4506} = {12A7AC59-5305-402D-A767-E45FF800578A}
		{17A8E167-D398-493B-AD0F-E20C59BE2C83} = {12A7AC59-5305-402D-A767-E45FF800578A}
		{D1B72274-20E2-4297-8E45-C426EF405834} = {12A7AC59-5305-402D-A767-E45FF800578A}
		{2B08BD1A-5C6E-4161-8DDF-B13D2CD9DB6B} = {12A7AC59-5305-402D-A767-E45FF800578A}
		{4CD94479-68E0-494C-8F90-4975395ED659} = {12A7AC59-5305-402D-A767-E45FF800578A}
		{A08EF9F1-4E59-48B3-AEAF-B4BF6A060BC2} = {12A7AC59-5305-402D-A767-E45FF800578A}
		{014499B6-4971-4186-8CA0-A40E69330779} = {12A7AC59-5305-402D-A767-E45FF800578A}
		{12EE1C7C-47C2-44CC-A0E8-132FF47C629A} = {12A7AC59-5305-402D-A767-E45FF800578A}
		{C0F0E4A8-01BC-46C6-A4A6-68464458814C} = {2B08BD1A-5C6E-4161-8DDF-B13D2CD9DB6B}
		{236A4EBC-C36C-4DE1-8959-FD000EC4BADC} = {C0F0E4A8-01BC-46C6-A4A6-68464458814C}
		{111FD51D-1911-43D2-A4BD-CD7630A2A919} = {C0F0E4A8-01BC-46C6-A4A6-68464458814C}
		{733C8326-926D-47A6-9553-6FD74D28C8C5} = {C0F0E4A8-01BC-46C6-A4A6-68464458814C}
		{4F0B8ED9-33BB-43EF-9F2D-26D5F12CD2F7} = {C0F0E4A8-01BC-46C6-A4A6-68464458814C}
		{2DB15947-EB4B-4BD1-80A0-DCCA859335AE} = {C0F0E4A8-01BC-46C6-A4A6-68464458814C}
		{57360B2F-51B3-4C44-A938-505ABA0EF35D} = {C0F0E4A8-01BC-46C6-A4A6-68464458814C}
		{FF077604-3167-4A0B-B81C-73A181789305} = {C0F0E4A8-01BC-46C6-A4A6-68464458814C}
		{A9E3BBD4-9498-449B-AE95-2781E642BF55} = {C0F0E4A8-01BC-46C6-A4A6-68464458814C}
		{94598CC8-E9A4-44AB-B0A7-45BF3EFC7C3D} = {C0F0E4A8-01BC-46C6-A4A6-68464458814C}
		{98C626B6-C040-4DC7-AD5B-66418F363E00} = {C0F0E4A8-01BC-46C6-A4A6-68464458814C}
		{8663AE43-F372-46ED-BBA3-1F25DC88E73B} = {C0F0E4A8-01BC-46C6-A4A6-68464458814C}
		{9421E57B-784B-433F-8145-D8ADB5D14092} = {C0F0E4A8-01BC-46C6-A4A6-68464458814C}
		{A8BCBDF1-85D7-45D0-95E0-34A386617319} = {C0F0E4A8-01BC-46C6-A4A6-68464458814C}
		{9B9E6C68-BCED-4EF4-B20F-5EA3FBC1C03C} = {C0F0E4A8-01BC-46C6-A4A6-68464458814C}
		{2255D12C-B3F3-49AE-A74C-2C8A247D52A7} = {C0F0E4A8-01BC-46C6-A4A6-68464458814C}
		{ADB067C9-C4FE-483C-BA6C-6C06FAD70116} = {236A4EBC-C36C-4DE1-8959-FD000EC4BADC}
		{F66D9400-FB56-48D4-8DA3-C9AE59AD9E0D} = {111FD51D-1911-43D2-A4BD-CD7630A2A919}
		{CC16EEDA-663B-4E41-8047-0AAED4A03680} = {733C8326-926D-47A6-9553-6FD74D28C8C5}
		{99F4571C-D18B-4A73-B5B8-9AABC16FAAD1} = {4F0B8ED9-33BB-43EF-9F2D-26D5F12CD2F7}
		{2C8D04D1-547C-439B-86A1-55ADE43E9BF3} = {2DB15947-EB4B-4BD1-80A0-DCCA859335AE}
		{FA2862C6-83E2-4B42-B18F-CB151B1700AB} = {57360B2F-51B3-4C44-A938-505ABA0EF35D}
		{D81BE312-A8B1-43E4-8053-0277FAA0A924} = {FF077604-3167-4A0B-B81C-73A181789305}
		{8EE756C0-A570-4749-A25D-97D5320CA0A8} = {A9E3BBD4-9498-449B-AE95-2781E642BF55}
		{C7B43080-C6BE-43D3-A41A-952A00546AF9} = {94598CC8-E9A4-44AB-B0A7-45BF3EFC7C3D}
		{29B70EAE-075B-4B14-91BE-4640F0622CFE} = {98C626B6-C040-4DC7-AD5B-66418F363E00}
		{ADEC4002-C57E-47B1-B804-EF989FED7F74} = {8663AE43-F372-46ED-BBA3-1F25DC88E73B}
		{4EAD6A36-0951-464D-89D5-1072994D7E86} = {9421E57B-784B-433F-8145-D8ADB5D14092}
		{B6691444-38CD-4FDA-ADBC-0DBB3FF5739C} = {A8BCBDF1-85D7-45D0-95E0-34A386617319}
		{7011F83A-8D0C-4302-BDC3-D7195C1094A7} = {9B9E6C68-BCED-4EF4-B20F-5EA3FBC1C03C}
		{FD2B705E-7262-4BB6-871B-B9C7845C6C06} = {2255D12C-B3F3-49AE-A74C-2C8A247D52A7}
		{8EA74830-F321-4F89-9BF0-8FACA959AC85} = {BCD1D384-8B02-434C-AFC6-389D55F24B90}
		{BF47FB26-A1A9-4DEB-B652-06F49F729738} = {BCD1D384-8B02-434C-AFC6-389D55F24B90}
		{87FAD8EE-CDB6-434C-9BF6-8D582516298F} = {BCD1D384-8B02-434C-AFC6-389D55F24B90}
		{6224DECB-5E06-4C5C-B844-3156E346E4B8} = {BCD1D384-8B02-434C-AFC6-389D55F24B90}
		{28679A11-1807-498A-AA2B-A35740F869B9} = {BCD1D384-8B02-434C-AFC6-389D55F24B90}
		{7699BEB9-BFE4-4619-B581-98C8F4A0AA4D} = {BCD1D384-8B02-434C-AFC6-389D55F24B90}
		{60A0FBD8-E80A-4AA1-95C3-AA4F8DAF7888} = {6224DECB-5E06-4C5C-B844-3156E346E4B8}
		{94EEFA3A-E5C4-4349-86D3-BD4F3FF78B87} = {6224DECB-5E06-4C5C-B844-3156E346E4B8}
		{E1A9136A-D9FF-4C6D-9AC5-BDC236150E4C} = {94EEFA3A-E5C4-4349-86D3-BD4F3FF78B87}
		{B8995CD3-A09B-4747-A998-CEA36F9CC288} = {D1B72274-20E2-4297-8E45-C426EF405834}
		{377203C4-B444-4290-954C-4C2B638D4A38} = {2B08BD1A-5C6E-4161-8DDF-B13D2CD9DB6B}
		{8D180247-ADD6-4FB4-BB98-9F2B9F3EBD6E} = {377203C4-B444-4290-954C-4C2B638D4A38}
		{588FF33F-504A-412D-BB62-952003F65C63} = {D770EE36-A198-4442-93B3-B286B24EF039}
		{D770EE36-A198-4442-93B3-B286B24EF039} = {12A7AC59-5305-402D-A767-E45FF800578A}
		{6B7F6A16-4F8A-434C-83F0-56230F40EAF0} = {12A7AC59-5305-402D-A767-E45FF800578A}
		{6499AFDF-829C-4FA0-B5DE-711CC04D2D54} = {6B7F6A16-4F8A-434C-83F0-56230F40EAF0}
		{39B9C4F6-5A5F-493D-8B07-C6F3C4CA5A98} = {6499AFDF-829C-4FA0-B5DE-711CC04D2D54}
		{72F979FE-A744-42EA-9D4D-1B865EAB1066} = {A03007D7-A69A-44E4-924C-0CE2DCBDAB76}
		{6DDF6CD7-5C09-4609-A587-D5284587AB8D} = {BCD1D384-8B02-434C-AFC6-389D55F24B90}
	EndGlobalSection
EndGlobal
